// !$*UTF8*$!
{
	archiveVersion = 1;
	classes = {
	};
	objectVersion = 56;
	objects = {

/* Begin PBXBuildFile section */
		36EB961C28DBF3F400ADE5F0 /* Total_ConnectApp.swift in Sources */ = {isa = PBXBuildFile; fileRef = 36EB961B28DBF3F400ADE5F0 /* Total_ConnectApp.swift */; };
		36EB961E28DBF3F400ADE5F0 /* Persistence.swift in Sources */ = {isa = PBXBuildFile; fileRef = 36EB961D28DBF3F400ADE5F0 /* Persistence.swift */; };
		36EB962128DBF3F400ADE5F0 /* Total_Connect.xcdatamodeld in Sources */ = {isa = PBXBuildFile; fileRef = 36EB961F28DBF3F400ADE5F0 /* Total_Connect.xcdatamodeld */; };
		36EB962328DBF3F400ADE5F0 /* ContentView.swift in Sources */ = {isa = PBXBuildFile; fileRef = 36EB962228DBF3F400ADE5F0 /* ContentView.swift */; };
		36EB962528DBF3F400ADE5F0 /* Assets.xcassets in Resources */ = {isa = PBXBuildFile; fileRef = 36EB962428DBF3F400ADE5F0 /* Assets.xcassets */; };
		36EB962928DBF3F400ADE5F0 /* Preview Assets.xcassets in Resources */ = {isa = PBXBuildFile; fileRef = 36EB962828DBF3F400ADE5F0 /* Preview Assets.xcassets */; };
		36EB963328DBF3F400ADE5F0 /* Total_ConnectTests.swift in Sources */ = {isa = PBXBuildFile; fileRef = 36EB963228DBF3F400ADE5F0 /* Total_ConnectTests.swift */; };
		36EB963D28DBF3F400ADE5F0 /* Total_ConnectUITests.swift in Sources */ = {isa = PBXBuildFile; fileRef = 36EB963C28DBF3F400ADE5F0 /* Total_ConnectUITests.swift */; };
		36EB963F28DBF3F400ADE5F0 /* Total_ConnectUITestsLaunchTests.swift in Sources */ = {isa = PBXBuildFile; fileRef = 36EB963E28DBF3F400ADE5F0 /* Total_ConnectUITestsLaunchTests.swift */; };
/* End PBXBuildFile section */

/* Begin PBXContainerItemProxy section */
		36EB962F28DBF3F400ADE5F0 /* PBXContainerItemProxy */ = {
			isa = PBXContainerItemProxy;
			containerPortal = 36EB961028DBF3F300ADE5F0 /* Project object */;
			proxyType = 1;
			remoteGlobalIDString = 36EB961728DBF3F300ADE5F0;
			remoteInfo = "Total-Connect";
		};
		36EB963928DBF3F400ADE5F0 /* PBXContainerItemProxy */ = {
			isa = PBXContainerItemProxy;
			containerPortal = 36EB961028DBF3F300ADE5F0 /* Project object */;
			proxyType = 1;
			remoteGlobalIDString = 36EB961728DBF3F300ADE5F0;
			remoteInfo = "Total-Connect";
		};
/* End PBXContainerItemProxy section */

/* Begin PBXFileReference section */
		36EB961828DBF3F400ADE5F0 /* Total-Connect.app */ = {isa = PBXFileReference; explicitFileType = wrapper.application; includeInIndex = 0; path = "Total-Connect.app"; sourceTree = BUILT_PRODUCTS_DIR; };
		36EB961B28DBF3F400ADE5F0 /* Total_ConnectApp.swift */ = {isa = PBXFileReference; lastKnownFileType = sourcecode.swift; path = Total_ConnectApp.swift; sourceTree = "<group>"; };
		36EB961D28DBF3F400ADE5F0 /* Persistence.swift */ = {isa = PBXFileReference; lastKnownFileType = sourcecode.swift; path = Persistence.swift; sourceTree = "<group>"; };
		36EB962028DBF3F400ADE5F0 /* Total_Connect.xcdatamodel */ = {isa = PBXFileReference; lastKnownFileType = wrapper.xcdatamodel; path = Total_Connect.xcdatamodel; sourceTree = "<group>"; };
		36EB962228DBF3F400ADE5F0 /* ContentView.swift */ = {isa = PBXFileReference; lastKnownFileType = sourcecode.swift; path = ContentView.swift; sourceTree = "<group>"; };
		36EB962428DBF3F400ADE5F0 /* Assets.xcassets */ = {isa = PBXFileReference; lastKnownFileType = folder.assetcatalog; path = Assets.xcassets; sourceTree = "<group>"; };
		36EB962628DBF3F400ADE5F0 /* Total_Connect.entitlements */ = {isa = PBXFileReference; lastKnownFileType = text.plist.entitlements; path = Total_Connect.entitlements; sourceTree = "<group>"; };
		36EB962828DBF3F400ADE5F0 /* Preview Assets.xcassets */ = {isa = PBXFileReference; lastKnownFileType = folder.assetcatalog; path = "Preview Assets.xcassets"; sourceTree = "<group>"; };
		36EB962E28DBF3F400ADE5F0 /* Total-ConnectTests.xctest */ = {isa = PBXFileReference; explicitFileType = wrapper.cfbundle; includeInIndex = 0; path = "Total-ConnectTests.xctest"; sourceTree = BUILT_PRODUCTS_DIR; };
		36EB963228DBF3F400ADE5F0 /* Total_ConnectTests.swift */ = {isa = PBXFileReference; lastKnownFileType = sourcecode.swift; path = Total_ConnectTests.swift; sourceTree = "<group>"; };
		36EB963828DBF3F400ADE5F0 /* Total-ConnectUITests.xctest */ = {isa = PBXFileReference; explicitFileType = wrapper.cfbundle; includeInIndex = 0; path = "Total-ConnectUITests.xctest"; sourceTree = BUILT_PRODUCTS_DIR; };
		36EB963C28DBF3F400ADE5F0 /* Total_ConnectUITests.swift */ = {isa = PBXFileReference; lastKnownFileType = sourcecode.swift; path = Total_ConnectUITests.swift; sourceTree = "<group>"; };
		36EB963E28DBF3F400ADE5F0 /* Total_ConnectUITestsLaunchTests.swift */ = {isa = PBXFileReference; lastKnownFileType = sourcecode.swift; path = Total_ConnectUITestsLaunchTests.swift; sourceTree = "<group>"; };
/* End PBXFileReference section */

/* Begin PBXFrameworksBuildPhase section */
		36EB961528DBF3F300ADE5F0 /* Frameworks */ = {
			isa = PBXFrameworksBuildPhase;
			buildActionMask = 2147483647;
			files = (
			);
			runOnlyForDeploymentPostprocessing = 0;
		};
		36EB962B28DBF3F400ADE5F0 /* Frameworks */ = {
			isa = PBXFrameworksBuildPhase;
			buildActionMask = 2147483647;
			files = (
			);
			runOnlyForDeploymentPostprocessing = 0;
		};
		36EB963528DBF3F400ADE5F0 /* Frameworks */ = {
			isa = PBXFrameworksBuildPhase;
			buildActionMask = 2147483647;
			files = (
			);
			runOnlyForDeploymentPostprocessing = 0;
		};
/* End PBXFrameworksBuildPhase section */

/* Begin PBXGroup section */
		36EB960F28DBF3F300ADE5F0 = {
			isa = PBXGroup;
			children = (
				36EB961A28DBF3F400ADE5F0 /* Total-Connect */,
				36EB963128DBF3F400ADE5F0 /* Total-ConnectTests */,
				36EB963B28DBF3F400ADE5F0 /* Total-ConnectUITests */,
				36EB961928DBF3F400ADE5F0 /* Products */,
			);
			sourceTree = "<group>";
		};
		36EB961928DBF3F400ADE5F0 /* Products */ = {
			isa = PBXGroup;
			children = (
				36EB961828DBF3F400ADE5F0 /* Total-Connect.app */,
				36EB962E28DBF3F400ADE5F0 /* Total-ConnectTests.xctest */,
				36EB963828DBF3F400ADE5F0 /* Total-ConnectUITests.xctest */,
			);
			name = Products;
			sourceTree = "<group>";
		};
		36EB961A28DBF3F400ADE5F0 /* Total-Connect */ = {
			isa = PBXGroup;
			children = (
				36EB961B28DBF3F400ADE5F0 /* Total_ConnectApp.swift */,
				36EB961D28DBF3F400ADE5F0 /* Persistence.swift */,
				36EB962228DBF3F400ADE5F0 /* ContentView.swift */,
				36EB962428DBF3F400ADE5F0 /* Assets.xcassets */,
				36EB962628DBF3F400ADE5F0 /* Total_Connect.entitlements */,
				36EB961F28DBF3F400ADE5F0 /* Total_Connect.xcdatamodeld */,
				36EB962728DBF3F400ADE5F0 /* Preview Content */,
			);
			path = "Total-Connect";
			sourceTree = "<group>";
		};
		36EB962728DBF3F400ADE5F0 /* Preview Content */ = {
			isa = PBXGroup;
			children = (
				36EB962828DBF3F400ADE5F0 /* Preview Assets.xcassets */,
			);
			path = "Preview Content";
			sourceTree = "<group>";
		};
		36EB963128DBF3F400ADE5F0 /* Total-ConnectTests */ = {
			isa = PBXGroup;
			children = (
				36EB963228DBF3F400ADE5F0 /* Total_ConnectTests.swift */,
			);
			path = "Total-ConnectTests";
			sourceTree = "<group>";
		};
		36EB963B28DBF3F400ADE5F0 /* Total-ConnectUITests */ = {
			isa = PBXGroup;
			children = (
				36EB963C28DBF3F400ADE5F0 /* Total_ConnectUITests.swift */,
				36EB963E28DBF3F400ADE5F0 /* Total_ConnectUITestsLaunchTests.swift */,
			);
			path = "Total-ConnectUITests";
			sourceTree = "<group>";
		};
/* End PBXGroup section */

/* Begin PBXNativeTarget section */
		36EB961728DBF3F300ADE5F0 /* Total-Connect */ = {
			isa = PBXNativeTarget;
			buildConfigurationList = 36EB964228DBF3F400ADE5F0 /* Build configuration list for PBXNativeTarget "Total-Connect" */;
			buildPhases = (
				36EB961428DBF3F300ADE5F0 /* Sources */,
				36EB961528DBF3F300ADE5F0 /* Frameworks */,
				36EB961628DBF3F300ADE5F0 /* Resources */,
			);
			buildRules = (
			);
			dependencies = (
			);
			name = "Total-Connect";
			productName = "Total-Connect";
			productReference = 36EB961828DBF3F400ADE5F0 /* Total-Connect.app */;
			productType = "com.apple.product-type.application";
		};
		36EB962D28DBF3F400ADE5F0 /* Total-ConnectTests */ = {
			isa = PBXNativeTarget;
			buildConfigurationList = 36EB964528DBF3F400ADE5F0 /* Build configuration list for PBXNativeTarget "Total-ConnectTests" */;
			buildPhases = (
				36EB962A28DBF3F400ADE5F0 /* Sources */,
				36EB962B28DBF3F400ADE5F0 /* Frameworks */,
				36EB962C28DBF3F400ADE5F0 /* Resources */,
			);
			buildRules = (
			);
			dependencies = (
				36EB963028DBF3F400ADE5F0 /* PBXTargetDependency */,
			);
			name = "Total-ConnectTests";
			productName = "Total-ConnectTests";
			productReference = 36EB962E28DBF3F400ADE5F0 /* Total-ConnectTests.xctest */;
			productType = "com.apple.product-type.bundle.unit-test";
		};
		36EB963728DBF3F400ADE5F0 /* Total-ConnectUITests */ = {
			isa = PBXNativeTarget;
			buildConfigurationList = 36EB964828DBF3F400ADE5F0 /* Build configuration list for PBXNativeTarget "Total-ConnectUITests" */;
			buildPhases = (
				36EB963428DBF3F400ADE5F0 /* Sources */,
				36EB963528DBF3F400ADE5F0 /* Frameworks */,
				36EB963628DBF3F400ADE5F0 /* Resources */,
			);
			buildRules = (
			);
			dependencies = (
				36EB963A28DBF3F400ADE5F0 /* PBXTargetDependency */,
			);
			name = "Total-ConnectUITests";
			productName = "Total-ConnectUITests";
			productReference = 36EB963828DBF3F400ADE5F0 /* Total-ConnectUITests.xctest */;
			productType = "com.apple.product-type.bundle.ui-testing";
		};
/* End PBXNativeTarget section */

/* Begin PBXProject section */
		36EB961028DBF3F300ADE5F0 /* Project object */ = {
			isa = PBXProject;
			attributes = {
				BuildIndependentTargetsInParallel = 1;
				LastSwiftUpdateCheck = 1400;
				LastUpgradeCheck = 1400;
				TargetAttributes = {
					36EB961728DBF3F300ADE5F0 = {
						CreatedOnToolsVersion = 14.0;
					};
					36EB962D28DBF3F400ADE5F0 = {
						CreatedOnToolsVersion = 14.0;
						TestTargetID = 36EB961728DBF3F300ADE5F0;
					};
					36EB963728DBF3F400ADE5F0 = {
						CreatedOnToolsVersion = 14.0;
						TestTargetID = 36EB961728DBF3F300ADE5F0;
					};
				};
			};
			buildConfigurationList = 36EB961328DBF3F300ADE5F0 /* Build configuration list for PBXProject "Total-Connect" */;
			compatibilityVersion = "Xcode 14.0";
			developmentRegion = en;
			hasScannedForEncodings = 0;
			knownRegions = (
				en,
				Base,
			);
			mainGroup = 36EB960F28DBF3F300ADE5F0;
			productRefGroup = 36EB961928DBF3F400ADE5F0 /* Products */;
			projectDirPath = "";
			projectRoot = "";
			targets = (
				36EB961728DBF3F300ADE5F0 /* Total-Connect */,
				36EB962D28DBF3F400ADE5F0 /* Total-ConnectTests */,
				36EB963728DBF3F400ADE5F0 /* Total-ConnectUITests */,
			);
		};
/* End PBXProject section */

/* Begin PBXResourcesBuildPhase section */
		36EB961628DBF3F300ADE5F0 /* Resources */ = {
			isa = PBXResourcesBuildPhase;
			buildActionMask = 2147483647;
			files = (
				36EB962928DBF3F400ADE5F0 /* Preview Assets.xcassets in Resources */,
				36EB962528DBF3F400ADE5F0 /* Assets.xcassets in Resources */,
			);
			runOnlyForDeploymentPostprocessing = 0;
		};
		36EB962C28DBF3F400ADE5F0 /* Resources */ = {
			isa = PBXResourcesBuildPhase;
			buildActionMask = 2147483647;
			files = (
			);
			runOnlyForDeploymentPostprocessing = 0;
		};
		36EB963628DBF3F400ADE5F0 /* Resources */ = {
			isa = PBXResourcesBuildPhase;
			buildActionMask = 2147483647;
			files = (
			);
			runOnlyForDeploymentPostprocessing = 0;
		};
/* End PBXResourcesBuildPhase section */

/* Begin PBXSourcesBuildPhase section */
		36EB961428DBF3F300ADE5F0 /* Sources */ = {
			isa = PBXSourcesBuildPhase;
			buildActionMask = 2147483647;
			files = (
				36EB961C28DBF3F400ADE5F0 /* Total_ConnectApp.swift in Sources */,
				36EB961E28DBF3F400ADE5F0 /* Persistence.swift in Sources */,
				36EB962328DBF3F400ADE5F0 /* ContentView.swift in Sources */,
				36EB962128DBF3F400ADE5F0 /* Total_Connect.xcdatamodeld in Sources */,
			);
			runOnlyForDeploymentPostprocessing = 0;
		};
		36EB962A28DBF3F400ADE5F0 /* Sources */ = {
			isa = PBXSourcesBuildPhase;
			buildActionMask = 2147483647;
			files = (
				36EB963328DBF3F400ADE5F0 /* Total_ConnectTests.swift in Sources */,
			);
			runOnlyForDeploymentPostprocessing = 0;
		};
		36EB963428DBF3F400ADE5F0 /* Sources */ = {
			isa = PBXSourcesBuildPhase;
			buildActionMask = 2147483647;
			files = (
				36EB963F28DBF3F400ADE5F0 /* Total_ConnectUITestsLaunchTests.swift in Sources */,
				36EB963D28DBF3F400ADE5F0 /* Total_ConnectUITests.swift in Sources */,
			);
			runOnlyForDeploymentPostprocessing = 0;
		};
/* End PBXSourcesBuildPhase section */

/* Begin PBXTargetDependency section */
		36EB963028DBF3F400ADE5F0 /* PBXTargetDependency */ = {
			isa = PBXTargetDependency;
			target = 36EB961728DBF3F300ADE5F0 /* Total-Connect */;
			targetProxy = 36EB962F28DBF3F400ADE5F0 /* PBXContainerItemProxy */;
		};
		36EB963A28DBF3F400ADE5F0 /* PBXTargetDependency */ = {
			isa = PBXTargetDependency;
			target = 36EB961728DBF3F300ADE5F0 /* Total-Connect */;
			targetProxy = 36EB963928DBF3F400ADE5F0 /* PBXContainerItemProxy */;
		};
/* End PBXTargetDependency section */

/* Begin XCBuildConfiguration section */
		36EB964028DBF3F400ADE5F0 /* Debug */ = {
			isa = XCBuildConfiguration;
			buildSettings = {
				ALWAYS_SEARCH_USER_PATHS = NO;
				CLANG_ANALYZER_NONNULL = YES;
				CLANG_ANALYZER_NUMBER_OBJECT_CONVERSION = YES_AGGRESSIVE;
				CLANG_CXX_LANGUAGE_STANDARD = "gnu++20";
				CLANG_ENABLE_MODULES = YES;
				CLANG_ENABLE_OBJC_ARC = YES;
				CLANG_ENABLE_OBJC_WEAK = YES;
				CLANG_WARN_BLOCK_CAPTURE_AUTORELEASING = YES;
				CLANG_WARN_BOOL_CONVERSION = YES;
				CLANG_WARN_COMMA = YES;
				CLANG_WARN_CONSTANT_CONVERSION = YES;
				CLANG_WARN_DEPRECATED_OBJC_IMPLEMENTATIONS = YES;
				CLANG_WARN_DIRECT_OBJC_ISA_USAGE = YES_ERROR;
				CLANG_WARN_DOCUMENTATION_COMMENTS = YES;
				CLANG_WARN_EMPTY_BODY = YES;
				CLANG_WARN_ENUM_CONVERSION = YES;
				CLANG_WARN_INFINITE_RECURSION = YES;
				CLANG_WARN_INT_CONVERSION = YES;
				CLANG_WARN_NON_LITERAL_NULL_CONVERSION = YES;
				CLANG_WARN_OBJC_IMPLICIT_RETAIN_SELF = YES;
				CLANG_WARN_OBJC_LITERAL_CONVERSION = YES;
				CLANG_WARN_OBJC_ROOT_CLASS = YES_ERROR;
				CLANG_WARN_QUOTED_INCLUDE_IN_FRAMEWORK_HEADER = YES;
				CLANG_WARN_RANGE_LOOP_ANALYSIS = YES;
				CLANG_WARN_STRICT_PROTOTYPES = YES;
				CLANG_WARN_SUSPICIOUS_MOVE = YES;
				CLANG_WARN_UNGUARDED_AVAILABILITY = YES_AGGRESSIVE;
				CLANG_WARN_UNREACHABLE_CODE = YES;
				CLANG_WARN__DUPLICATE_METHOD_MATCH = YES;
				COPY_PHASE_STRIP = NO;
				DEBUG_INFORMATION_FORMAT = dwarf;
				ENABLE_STRICT_OBJC_MSGSEND = YES;
				ENABLE_TESTABILITY = YES;
				GCC_C_LANGUAGE_STANDARD = gnu11;
				GCC_DYNAMIC_NO_PIC = NO;
				GCC_NO_COMMON_BLOCKS = YES;
				GCC_OPTIMIZATION_LEVEL = 0;
				GCC_PREPROCESSOR_DEFINITIONS = (
					"DEBUG=1",
					"$(inherited)",
				);
				GCC_WARN_64_TO_32_BIT_CONVERSION = YES;
				GCC_WARN_ABOUT_RETURN_TYPE = YES_ERROR;
				GCC_WARN_UNDECLARED_SELECTOR = YES;
				GCC_WARN_UNINITIALIZED_AUTOS = YES_AGGRESSIVE;
				GCC_WARN_UNUSED_FUNCTION = YES;
				GCC_WARN_UNUSED_VARIABLE = YES;
				MTL_ENABLE_DEBUG_INFO = INCLUDE_SOURCE;
				MTL_FAST_MATH = YES;
				ONLY_ACTIVE_ARCH = YES;
				SWIFT_ACTIVE_COMPILATION_CONDITIONS = DEBUG;
				SWIFT_OPTIMIZATION_LEVEL = "-Onone";
			};
			name = Debug;
		};
		36EB964128DBF3F400ADE5F0 /* Release */ = {
			isa = XCBuildConfiguration;
			buildSettings = {
				ALWAYS_SEARCH_USER_PATHS = NO;
				CLANG_ANALYZER_NONNULL = YES;
				CLANG_ANALYZER_NUMBER_OBJECT_CONVERSION = YES_AGGRESSIVE;
				CLANG_CXX_LANGUAGE_STANDARD = "gnu++20";
				CLANG_ENABLE_MODULES = YES;
				CLANG_ENABLE_OBJC_ARC = YES;
				CLANG_ENABLE_OBJC_WEAK = YES;
				CLANG_WARN_BLOCK_CAPTURE_AUTORELEASING = YES;
				CLANG_WARN_BOOL_CONVERSION = YES;
				CLANG_WARN_COMMA = YES;
				CLANG_WARN_CONSTANT_CONVERSION = YES;
				CLANG_WARN_DEPRECATED_OBJC_IMPLEMENTATIONS = YES;
				CLANG_WARN_DIRECT_OBJC_ISA_USAGE = YES_ERROR;
				CLANG_WARN_DOCUMENTATION_COMMENTS = YES;
				CLANG_WARN_EMPTY_BODY = YES;
				CLANG_WARN_ENUM_CONVERSION = YES;
				CLANG_WARN_INFINITE_RECURSION = YES;
				CLANG_WARN_INT_CONVERSION = YES;
				CLANG_WARN_NON_LITERAL_NULL_CONVERSION = YES;
				CLANG_WARN_OBJC_IMPLICIT_RETAIN_SELF = YES;
				CLANG_WARN_OBJC_LITERAL_CONVERSION = YES;
				CLANG_WARN_OBJC_ROOT_CLASS = YES_ERROR;
				CLANG_WARN_QUOTED_INCLUDE_IN_FRAMEWORK_HEADER = YES;
				CLANG_WARN_RANGE_LOOP_ANALYSIS = YES;
				CLANG_WARN_STRICT_PROTOTYPES = YES;
				CLANG_WARN_SUSPICIOUS_MOVE = YES;
				CLANG_WARN_UNGUARDED_AVAILABILITY = YES_AGGRESSIVE;
				CLANG_WARN_UNREACHABLE_CODE = YES;
				CLANG_WARN__DUPLICATE_METHOD_MATCH = YES;
				COPY_PHASE_STRIP = NO;
				DEBUG_INFORMATION_FORMAT = "dwarf-with-dsym";
				ENABLE_NS_ASSERTIONS = NO;
				ENABLE_STRICT_OBJC_MSGSEND = YES;
				GCC_C_LANGUAGE_STANDARD = gnu11;
				GCC_NO_COMMON_BLOCKS = YES;
				GCC_WARN_64_TO_32_BIT_CONVERSION = YES;
				GCC_WARN_ABOUT_RETURN_TYPE = YES_ERROR;
				GCC_WARN_UNDECLARED_SELECTOR = YES;
				GCC_WARN_UNINITIALIZED_AUTOS = YES_AGGRESSIVE;
				GCC_WARN_UNUSED_FUNCTION = YES;
				GCC_WARN_UNUSED_VARIABLE = YES;
				MTL_ENABLE_DEBUG_INFO = NO;
				MTL_FAST_MATH = YES;
				SWIFT_COMPILATION_MODE = wholemodule;
				SWIFT_OPTIMIZATION_LEVEL = "-O";
			};
			name = Release;
		};
		36EB964328DBF3F400ADE5F0 /* Debug */ = {
			isa = XCBuildConfiguration;
			buildSettings = {
				ASSETCATALOG_COMPILER_APPICON_NAME = AppIcon;
				ASSETCATALOG_COMPILER_GLOBAL_ACCENT_COLOR_NAME = AccentColor;
				CODE_SIGN_ENTITLEMENTS = "Total-Connect/Total_Connect.entitlements";
				CODE_SIGN_STYLE = Automatic;
				CURRENT_PROJECT_VERSION = 1;
				DEVELOPMENT_ASSET_PATHS = "\"Total-Connect/Preview Content\"";
				DEVELOPMENT_TEAM = 53R9CK526N;
				ENABLE_HARDENED_RUNTIME = YES;
				ENABLE_PREVIEWS = YES;
				GENERATE_INFOPLIST_FILE = YES;
				"INFOPLIST_KEY_UIApplicationSceneManifest_Generation[sdk=iphoneos*]" = YES;
				"INFOPLIST_KEY_UIApplicationSceneManifest_Generation[sdk=iphonesimulator*]" = YES;
				"INFOPLIST_KEY_UIApplicationSupportsIndirectInputEvents[sdk=iphoneos*]" = YES;
				"INFOPLIST_KEY_UIApplicationSupportsIndirectInputEvents[sdk=iphonesimulator*]" = YES;
				"INFOPLIST_KEY_UILaunchScreen_Generation[sdk=iphoneos*]" = YES;
				"INFOPLIST_KEY_UILaunchScreen_Generation[sdk=iphonesimulator*]" = YES;
				"INFOPLIST_KEY_UIStatusBarStyle[sdk=iphoneos*]" = UIStatusBarStyleDefault;
				"INFOPLIST_KEY_UIStatusBarStyle[sdk=iphonesimulator*]" = UIStatusBarStyleDefault;
				INFOPLIST_KEY_UISupportedInterfaceOrientations_iPad = "UIInterfaceOrientationPortrait UIInterfaceOrientationPortraitUpsideDown UIInterfaceOrientationLandscapeLeft UIInterfaceOrientationLandscapeRight";
				INFOPLIST_KEY_UISupportedInterfaceOrientations_iPhone = "UIInterfaceOrientationPortrait UIInterfaceOrientationLandscapeLeft UIInterfaceOrientationLandscapeRight";
				IPHONEOS_DEPLOYMENT_TARGET = 16.0;
				LD_RUNPATH_SEARCH_PATHS = "@executable_path/Frameworks";
				"LD_RUNPATH_SEARCH_PATHS[sdk=macosx*]" = "@executable_path/../Frameworks";
				MACOSX_DEPLOYMENT_TARGET = 12.3;
				MARKETING_VERSION = 1.0;
				PRODUCT_BUNDLE_IDENTIFIER = "com.itm.Total-Connect";
				PRODUCT_NAME = "$(TARGET_NAME)";
				SDKROOT = auto;
				SUPPORTED_PLATFORMS = "iphoneos iphonesimulator macosx";
				SWIFT_EMIT_LOC_STRINGS = YES;
				SWIFT_VERSION = 5.0;
				TARGETED_DEVICE_FAMILY = "1,2";
			};
			name = Debug;
		};
		36EB964428DBF3F400ADE5F0 /* Release */ = {
			isa = XCBuildConfiguration;
			buildSettings = {
				ASSETCATALOG_COMPILER_APPICON_NAME = AppIcon;
				ASSETCATALOG_COMPILER_GLOBAL_ACCENT_COLOR_NAME = AccentColor;
				CODE_SIGN_ENTITLEMENTS = "Total-Connect/Total_Connect.entitlements";
				CODE_SIGN_STYLE = Automatic;
				CURRENT_PROJECT_VERSION = 1;
				DEVELOPMENT_ASSET_PATHS = "\"Total-Connect/Preview Content\"";
				DEVELOPMENT_TEAM = 53R9CK526N;
				ENABLE_HARDENED_RUNTIME = YES;
				ENABLE_PREVIEWS = YES;
				GENERATE_INFOPLIST_FILE = YES;
				"INFOPLIST_KEY_UIApplicationSceneManifest_Generation[sdk=iphoneos*]" = YES;
				"INFOPLIST_KEY_UIApplicationSceneManifest_Generation[sdk=iphonesimulator*]" = YES;
				"INFOPLIST_KEY_UIApplicationSupportsIndirectInputEvents[sdk=iphoneos*]" = YES;
				"INFOPLIST_KEY_UIApplicationSupportsIndirectInputEvents[sdk=iphonesimulator*]" = YES;
				"INFOPLIST_KEY_UILaunchScreen_Generation[sdk=iphoneos*]" = YES;
				"INFOPLIST_KEY_UILaunchScreen_Generation[sdk=iphonesimulator*]" = YES;
				"INFOPLIST_KEY_UIStatusBarStyle[sdk=iphoneos*]" = UIStatusBarStyleDefault;
				"INFOPLIST_KEY_UIStatusBarStyle[sdk=iphonesimulator*]" = UIStatusBarStyleDefault;
				INFOPLIST_KEY_UISupportedInterfaceOrientations_iPad = "UIInterfaceOrientationPortrait UIInterfaceOrientationPortraitUpsideDown UIInterfaceOrientationLandscapeLeft UIInterfaceOrientationLandscapeRight";
				INFOPLIST_KEY_UISupportedInterfaceOrientations_iPhone = "UIInterfaceOrientationPortrait UIInterfaceOrientationLandscapeLeft UIInterfaceOrientationLandscapeRight";
				IPHONEOS_DEPLOYMENT_TARGET = 16.0;
				LD_RUNPATH_SEARCH_PATHS = "@executable_path/Frameworks";
				"LD_RUNPATH_SEARCH_PATHS[sdk=macosx*]" = "@executable_path/../Frameworks";
				MACOSX_DEPLOYMENT_TARGET = 12.3;
				MARKETING_VERSION = 1.0;
				PRODUCT_BUNDLE_IDENTIFIER = "com.itm.Total-Connect";
				PRODUCT_NAME = "$(TARGET_NAME)";
				SDKROOT = auto;
				SUPPORTED_PLATFORMS = "iphoneos iphonesimulator macosx";
				SWIFT_EMIT_LOC_STRINGS = YES;
				SWIFT_VERSION = 5.0;
				TARGETED_DEVICE_FAMILY = "1,2";
			};
			name = Release;
		};
		36EB964628DBF3F400ADE5F0 /* Debug */ = {
			isa = XCBuildConfiguration;
			buildSettings = {
				ALWAYS_EMBED_SWIFT_STANDARD_LIBRARIES = YES;
				BUNDLE_LOADER = "$(TEST_HOST)";
				CODE_SIGN_STYLE = Automatic;
				CURRENT_PROJECT_VERSION = 1;
				DEVELOPMENT_TEAM = 53R9CK526N;
				GENERATE_INFOPLIST_FILE = YES;
				IPHONEOS_DEPLOYMENT_TARGET = 16.0;
				MACOSX_DEPLOYMENT_TARGET = 12.3;
				MARKETING_VERSION = 1.0;
				PRODUCT_BUNDLE_IDENTIFIER = "com.itm.Total-ConnectTests";
				PRODUCT_NAME = "$(TARGET_NAME)";
				SDKROOT = auto;
				SUPPORTED_PLATFORMS = "iphoneos iphonesimulator macosx";
				SWIFT_EMIT_LOC_STRINGS = NO;
				SWIFT_VERSION = 5.0;
				TARGETED_DEVICE_FAMILY = "1,2";
				TEST_HOST = "$(BUILT_PRODUCTS_DIR)/Total-Connect.app/$(BUNDLE_EXECUTABLE_FOLDER_PATH)/Total-Connect";
			};
			name = Debug;
		};
		36EB964728DBF3F400ADE5F0 /* Release */ = {
			isa = XCBuildConfiguration;
			buildSettings = {
				ALWAYS_EMBED_SWIFT_STANDARD_LIBRARIES = YES;
				BUNDLE_LOADER = "$(TEST_HOST)";
				CODE_SIGN_STYLE = Automatic;
				CURRENT_PROJECT_VERSION = 1;
				DEVELOPMENT_TEAM = 53R9CK526N;
				GENERATE_INFOPLIST_FILE = YES;
				IPHONEOS_DEPLOYMENT_TARGET = 16.0;
				MACOSX_DEPLOYMENT_TARGET = 12.3;
				MARKETING_VERSION = 1.0;
				PRODUCT_BUNDLE_IDENTIFIER = "com.itm.Total-ConnectTests";
				PRODUCT_NAME = "$(TARGET_NAME)";
				SDKROOT = auto;
				SUPPORTED_PLATFORMS = "iphoneos iphonesimulator macosx";
				SWIFT_EMIT_LOC_STRINGS = NO;
				SWIFT_VERSION = 5.0;
				TARGETED_DEVICE_FAMILY = "1,2";
				TEST_HOST = "$(BUILT_PRODUCTS_DIR)/Total-Connect.app/$(BUNDLE_EXECUTABLE_FOLDER_PATH)/Total-Connect";
			};
			name = Release;
		};
		36EB964928DBF3F400ADE5F0 /* Debug */ = {
			isa = XCBuildConfiguration;
			buildSettings = {
				ALWAYS_EMBED_SWIFT_STANDARD_LIBRARIES = YES;
				CODE_SIGN_STYLE = Automatic;
				CURRENT_PROJECT_VERSION = 1;
				DEVELOPMENT_TEAM = 53R9CK526N;
				GENERATE_INFOPLIST_FILE = YES;
				IPHONEOS_DEPLOYMENT_TARGET = 16.0;
				MACOSX_DEPLOYMENT_TARGET = 12.3;
				MARKETING_VERSION = 1.0;
				PRODUCT_BUNDLE_IDENTIFIER = "com.itm.Total-ConnectUITests";
				PRODUCT_NAME = "$(TARGET_NAME)";
				SDKROOT = auto;
				SUPPORTED_PLATFORMS = "iphoneos iphonesimulator macosx";
				SWIFT_EMIT_LOC_STRINGS = NO;
				SWIFT_VERSION = 5.0;
				TARGETED_DEVICE_FAMILY = "1,2";
				TEST_TARGET_NAME = "Total-Connect";
			};
			name = Debug;
		};
		36EB964A28DBF3F400ADE5F0 /* Release */ = {
			isa = XCBuildConfiguration;
			buildSettings = {
				ALWAYS_EMBED_SWIFT_STANDARD_LIBRARIES = YES;
				CODE_SIGN_STYLE = Automatic;
				CURRENT_PROJECT_VERSION = 1;
				DEVELOPMENT_TEAM = 53R9CK526N;
				GENERATE_INFOPLIST_FILE = YES;
				IPHONEOS_DEPLOYMENT_TARGET = 16.0;
				MACOSX_DEPLOYMENT_TARGET = 12.3;
				MARKETING_VERSION = 1.0;
				PRODUCT_BUNDLE_IDENTIFIER = "com.itm.Total-ConnectUITests";
				PRODUCT_NAME = "$(TARGET_NAME)";
				SDKROOT = auto;
				SUPPORTED_PLATFORMS = "iphoneos iphonesimulator macosx";
				SWIFT_EMIT_LOC_STRINGS = NO;
				SWIFT_VERSION = 5.0;
				TARGETED_DEVICE_FAMILY = "1,2";
				TEST_TARGET_NAME = "Total-Connect";
			};
			name = Release;
		};
/* End XCBuildConfiguration section */

/* Begin XCConfigurationList section */
		36EB961328DBF3F300ADE5F0 /* Build configuration list for PBXProject "Total-Connect" */ = {
			isa = XCConfigurationList;
			buildConfigurations = (
				36EB964028DBF3F400ADE5F0 /* Debug */,
				36EB964128DBF3F400ADE5F0 /* Release */,
			);
			defaultConfigurationIsVisible = 0;
			defaultConfigurationName = Release;
		};
		36EB964228DBF3F400ADE5F0 /* Build configuration list for PBXNativeTarget "Total-Connect" */ = {
			isa = XCConfigurationList;
			buildConfigurations = (
				36EB964328DBF3F400ADE5F0 /* Debug */,
				36EB964428DBF3F400ADE5F0 /* Release */,
			);
			defaultConfigurationIsVisible = 0;
			defaultConfigurationName = Release;
		};
		36EB964528DBF3F400ADE5F0 /* Build configuration list for PBXNativeTarget "Total-ConnectTests" */ = {
			isa = XCConfigurationList;
			buildConfigurations = (
				36EB964628DBF3F400ADE5F0 /* Debug */,
				36EB964728DBF3F400ADE5F0 /* Release */,
			);
			defaultConfigurationIsVisible = 0;
			defaultConfigurationName = Release;
		};
		36EB964828DBF3F400ADE5F0 /* Build configuration list for PBXNativeTarget "Total-ConnectUITests" */ = {
			isa = XCConfigurationList;
			buildConfigurations = (
				36EB964928DBF3F400ADE5F0 /* Debug */,
				36EB964A28DBF3F400ADE5F0 /* Release */,
			);
			defaultConfigurationIsVisible = 0;
			defaultConfigurationName = Release;
		};
/* End XCConfigurationList section */

/* Begin XCVersionGroup section */
		36EB961F28DBF3F400ADE5F0 /* Total_Connect.xcdatamodeld */ = {
			isa = XCVersionGroup;
			children = (
				36EB962028DBF3F400ADE5F0 /* Total_Connect.xcdatamodel */,
			);
			currentVersion = 36EB962028DBF3F400ADE5F0 /* Total_Connect.xcdatamodel */;
			path = Total_Connect.xcdatamodeld;
			sourceTree = "<group>";
			versionGroupType = wrapper.xcdatamodel;
		};
/* End XCVersionGroup section */
	};
	rootObject = 36EB961028DBF3F300ADE5F0 /* Project object */;
}
